// !$*UTF8*$!
{
	archiveVersion = 1;
	classes = {
	};
	objectVersion = 46;
	objects = {

/* Begin PBXBuildFile section */
		1D60589F0D05DD5A006BFB54 /* Foundation.framework in Frameworks */ = {isa = PBXBuildFile; fileRef = 1D30AB110D05D00D00671497 /* Foundation.framework */; };
		1DF5F4E00D08C38300B7A737 /* UIKit.framework in Frameworks */ = {isa = PBXBuildFile; fileRef = 1DF5F4DF0D08C38300B7A737 /* UIKit.framework */; };
		288765FD0DF74451002DB57D /* CoreGraphics.framework in Frameworks */ = {isa = PBXBuildFile; fileRef = 288765FC0DF74451002DB57D /* CoreGraphics.framework */; };
		45C5321A13DB4BB70034BFC4 /* NSError+Extensions.m in Sources */ = {isa = PBXBuildFile; fileRef = 45C5317713DB4BB70034BFC4 /* NSError+Extensions.m */; };
		45C5321B13DB4BB70034BFC4 /* NXDebug.m in Sources */ = {isa = PBXBuildFile; fileRef = 45C5317913DB4BB70034BFC4 /* NXDebug.m */; };
		45C5321C13DB4BB70034BFC4 /* NXJsonParser.m in Sources */ = {isa = PBXBuildFile; fileRef = 45C5317B13DB4BB70034BFC4 /* NXJsonParser.m */; };
		45C5321D13DB4BB70034BFC4 /* NXJsonSerializer.m in Sources */ = {isa = PBXBuildFile; fileRef = 45C5317D13DB4BB70034BFC4 /* NXJsonSerializer.m */; };
		B20294AF123C9D4500D64200 /* JBResultsViewController.m in Sources */ = {isa = PBXBuildFile; fileRef = B20294AE123C9D4500D64200 /* JBResultsViewController.m */; };
		B20294C2123CA12A00D64200 /* JBConstants.m in Sources */ = {isa = PBXBuildFile; fileRef = B20294C1123CA12A00D64200 /* JBConstants.m */; };
		B2078E871367BE95003FC4B3 /* CDataScanner.m in Sources */ = {isa = PBXBuildFile; fileRef = B2078E701367BE95003FC4B3 /* CDataScanner.m */; };
		B2078E881367BE95003FC4B3 /* CFilteringJSONSerializer.m in Sources */ = {isa = PBXBuildFile; fileRef = B2078E731367BE95003FC4B3 /* CFilteringJSONSerializer.m */; };
		B2078E891367BE95003FC4B3 /* CJSONDeserializer_BlocksExtensions.m in Sources */ = {isa = PBXBuildFile; fileRef = B2078E751367BE95003FC4B3 /* CJSONDeserializer_BlocksExtensions.m */; };
		B2078E8A1367BE95003FC4B3 /* CJSONSerialization.m in Sources */ = {isa = PBXBuildFile; fileRef = B2078E771367BE95003FC4B3 /* CJSONSerialization.m */; };
		B2078E8B1367BE95003FC4B3 /* CJSONSerializedData.m in Sources */ = {isa = PBXBuildFile; fileRef = B2078E791367BE95003FC4B3 /* CJSONSerializedData.m */; };
		B2078E8C1367BE95003FC4B3 /* CDataScanner_Extensions.m in Sources */ = {isa = PBXBuildFile; fileRef = B2078E7C1367BE95003FC4B3 /* CDataScanner_Extensions.m */; };
		B2078E8D1367BE95003FC4B3 /* NSDictionary_JSONExtensions.m in Sources */ = {isa = PBXBuildFile; fileRef = B2078E7E1367BE95003FC4B3 /* NSDictionary_JSONExtensions.m */; };
		B2078E8E1367BE95003FC4B3 /* CJSONDeserializer.m in Sources */ = {isa = PBXBuildFile; fileRef = B2078E811367BE95003FC4B3 /* CJSONDeserializer.m */; };
		B2078E8F1367BE95003FC4B3 /* CJSONScanner.m in Sources */ = {isa = PBXBuildFile; fileRef = B2078E831367BE95003FC4B3 /* CJSONScanner.m */; };
		B2078E901367BE95003FC4B3 /* CJSONSerializer.m in Sources */ = {isa = PBXBuildFile; fileRef = B2078E851367BE95003FC4B3 /* CJSONSerializer.m */; };
		B2078EA41367BEDF003FC4B3 /* libYAJLiOSDevice.a in Frameworks */ = {isa = PBXBuildFile; fileRef = B2078E9F1367BEDC003FC4B3 /* libYAJLiOSDevice.a */; };
		B213445410A0BA690001FE31 /* main.m in Sources */ = {isa = PBXBuildFile; fileRef = B213445110A0BA690001FE31 /* main.m */; };
		B2457E8410A164A400BD3540 /* twitter_public_timeline.json in Resources */ = {isa = PBXBuildFile; fileRef = B2457E8310A164A400BD3540 /* twitter_public_timeline.json */; };
		B2457ED010A1671E00BD3540 /* JBAppDelegate.m in Sources */ = {isa = PBXBuildFile; fileRef = B2457ECF10A1671E00BD3540 /* JBAppDelegate.m */; };
		B2749907123C91F700A2A9E0 /* JSONKit.m in Sources */ = {isa = PBXBuildFile; fileRef = B27498D9123C91F700A2A9E0 /* JSONKit.m */; };
		B2CD579C13BE79B400166C10 /* Default.png in Resources */ = {isa = PBXBuildFile; fileRef = B2CD579A13BE79B400166C10 /* Default.png */; };
		B2CD579D13BE79B400166C10 /* Default@2x.png in Resources */ = {isa = PBXBuildFile; fileRef = B2CD579B13BE79B400166C10 /* Default@2x.png */; };
		B2CD57A113BE7A7600166C10 /* Default-Portrait~ipad.png in Resources */ = {isa = PBXBuildFile; fileRef = B2CD57A013BE7A7600166C10 /* Default-Portrait~ipad.png */; };
		B2CD57A913BE852F00166C10 /* Default-Landscape~ipad.png in Resources */ = {isa = PBXBuildFile; fileRef = B2CD57A813BE852F00166C10 /* Default-Landscape~ipad.png */; };
		BC2BBBE213A38B2E00D69AB5 /* libsbjson-ios.a in Frameworks */ = {isa = PBXBuildFile; fileRef = BC2BBBE113A38B2E00D69AB5 /* libsbjson-ios.a */; };
		BC8363B7123D8C2600E6F313 /* SBFullStatistics.m in Sources */ = {isa = PBXBuildFile; fileRef = BC8363B1123D8C2600E6F313 /* SBFullStatistics.m */; };
		BC8363B9123D8C2600E6F313 /* SBStatistics.m in Sources */ = {isa = PBXBuildFile; fileRef = BC8363B5123D8C2600E6F313 /* SBStatistics.m */; };
/* End PBXBuildFile section */

/* Begin PBXContainerItemProxy section */
		B2078E9E1367BEDC003FC4B3 /* PBXContainerItemProxy */ = {
			isa = PBXContainerItemProxy;
			containerPortal = B2078E931367BEDC003FC4B3 /* YAJLiOS.xcodeproj */;
			proxyType = 2;
			remoteGlobalIDString = 0065977C11BEEF4000E89ABD;
			remoteInfo = "YAJLiOS (Device)";
		};
		B2078EA01367BEDC003FC4B3 /* PBXContainerItemProxy */ = {
			isa = PBXContainerItemProxy;
			containerPortal = B2078E931367BEDC003FC4B3 /* YAJLiOS.xcodeproj */;
			proxyType = 2;
			remoteGlobalIDString = 006597AC11BEEF4800E89ABD;
			remoteInfo = "YAJLiOS (Simulator)";
		};
		B2078EA21367BEDC003FC4B3 /* PBXContainerItemProxy */ = {
			isa = PBXContainerItemProxy;
			containerPortal = B2078E931367BEDC003FC4B3 /* YAJLiOS.xcodeproj */;
			proxyType = 2;
			remoteGlobalIDString = 006597EA11BEEF5400E89ABD;
			remoteInfo = Tests;
		};
		B24E392C138AD00F00E1D550 /* PBXContainerItemProxy */ = {
			isa = PBXContainerItemProxy;
			containerPortal = B2078E931367BEDC003FC4B3 /* YAJLiOS.xcodeproj */;
			proxyType = 1;
			remoteGlobalIDString = 0065975811BEEF4000E89ABD;
			remoteInfo = "YAJLiOS (Device)";
		};
		BC2BBBD713A38AE600D69AB5 /* PBXContainerItemProxy */ = {
			isa = PBXContainerItemProxy;
			containerPortal = BC2BBBCD13A38AE500D69AB5 /* SBJson.xcodeproj */;
			proxyType = 2;
			remoteGlobalIDString = BC12323D1391D5CC00131607;
			remoteInfo = SBJson;
		};
		BC2BBBD913A38AE600D69AB5 /* PBXContainerItemProxy */ = {
			isa = PBXContainerItemProxy;
			containerPortal = BC2BBBCD13A38AE500D69AB5 /* SBJson.xcodeproj */;
			proxyType = 2;
			remoteGlobalIDString = BC1232521391D5CC00131607;
			remoteInfo = SBJsonTests;
		};
		BC2BBBDB13A38AE600D69AB5 /* PBXContainerItemProxy */ = {
			isa = PBXContainerItemProxy;
			containerPortal = BC2BBBCD13A38AE500D69AB5 /* SBJson.xcodeproj */;
			proxyType = 2;
			remoteGlobalIDString = BCC2626913920FC7003D9994;
			remoteInfo = "sbjson-ios";
		};
		BC2BBBDD13A38AE600D69AB5 /* PBXContainerItemProxy */ = {
			isa = PBXContainerItemProxy;
			containerPortal = BC2BBBCD13A38AE500D69AB5 /* SBJson.xcodeproj */;
			proxyType = 2;
			remoteGlobalIDString = BCC2627313920FC7003D9994;
			remoteInfo = "sbjson-iosTests";
		};
		BC2BBBDF13A38B2400D69AB5 /* PBXContainerItemProxy */ = {
			isa = PBXContainerItemProxy;
			containerPortal = BC2BBBCD13A38AE500D69AB5 /* SBJson.xcodeproj */;
			proxyType = 1;
			remoteGlobalIDString = BCC2626813920FC7003D9994;
			remoteInfo = "sbjson-ios";
		};
/* End PBXContainerItemProxy section */

/* Begin PBXFileReference section */
		1D30AB110D05D00D00671497 /* Foundation.framework */ = {isa = PBXFileReference; lastKnownFileType = wrapper.framework; name = Foundation.framework; path = System/Library/Frameworks/Foundation.framework; sourceTree = SDKROOT; };
		1D6058910D05DD3D006BFB54 /* JSONBenchmarks.app */ = {isa = PBXFileReference; explicitFileType = wrapper.application; includeInIndex = 0; path = JSONBenchmarks.app; sourceTree = BUILT_PRODUCTS_DIR; };
		1DF5F4DF0D08C38300B7A737 /* UIKit.framework */ = {isa = PBXFileReference; lastKnownFileType = wrapper.framework; name = UIKit.framework; path = System/Library/Frameworks/UIKit.framework; sourceTree = SDKROOT; };
		288765FC0DF74451002DB57D /* CoreGraphics.framework */ = {isa = PBXFileReference; lastKnownFileType = wrapper.framework; name = CoreGraphics.framework; path = System/Library/Frameworks/CoreGraphics.framework; sourceTree = SDKROOT; };
		45C5317613DB4BB70034BFC4 /* NSError+Extensions.h */ = {isa = PBXFileReference; fileEncoding = 4; lastKnownFileType = sourcecode.c.h; path = "NSError+Extensions.h"; sourceTree = "<group>"; };
		45C5317713DB4BB70034BFC4 /* NSError+Extensions.m */ = {isa = PBXFileReference; fileEncoding = 4; lastKnownFileType = sourcecode.c.objc; path = "NSError+Extensions.m"; sourceTree = "<group>"; };
		45C5317813DB4BB70034BFC4 /* NXDebug.h */ = {isa = PBXFileReference; fileEncoding = 4; lastKnownFileType = sourcecode.c.h; path = NXDebug.h; sourceTree = "<group>"; };
		45C5317913DB4BB70034BFC4 /* NXDebug.m */ = {isa = PBXFileReference; fileEncoding = 4; lastKnownFileType = sourcecode.c.objc; path = NXDebug.m; sourceTree = "<group>"; };
		45C5317A13DB4BB70034BFC4 /* NXJsonParser.h */ = {isa = PBXFileReference; fileEncoding = 4; lastKnownFileType = sourcecode.c.h; path = NXJsonParser.h; sourceTree = "<group>"; };
		45C5317B13DB4BB70034BFC4 /* NXJsonParser.m */ = {isa = PBXFileReference; fileEncoding = 4; lastKnownFileType = sourcecode.c.objc; path = NXJsonParser.m; sourceTree = "<group>"; };
		45C5317C13DB4BB70034BFC4 /* NXJsonSerializer.h */ = {isa = PBXFileReference; fileEncoding = 4; lastKnownFileType = sourcecode.c.h; path = NXJsonSerializer.h; sourceTree = "<group>"; };
		45C5317D13DB4BB70034BFC4 /* NXJsonSerializer.m */ = {isa = PBXFileReference; fileEncoding = 4; lastKnownFileType = sourcecode.c.objc; path = NXJsonSerializer.m; sourceTree = "<group>"; };
		45C5317E13DB4BB70034BFC4 /* NXSerializable.h */ = {isa = PBXFileReference; fileEncoding = 4; lastKnownFileType = sourcecode.c.h; path = NXSerializable.h; sourceTree = "<group>"; };
		B20294AD123C9D4500D64200 /* JBResultsViewController.h */ = {isa = PBXFileReference; fileEncoding = 4; lastKnownFileType = sourcecode.c.h; path = JBResultsViewController.h; sourceTree = "<group>"; };
		B20294AE123C9D4500D64200 /* JBResultsViewController.m */ = {isa = PBXFileReference; fileEncoding = 4; lastKnownFileType = sourcecode.c.objc; path = JBResultsViewController.m; sourceTree = "<group>"; };
		B20294C0123CA12A00D64200 /* JBConstants.h */ = {isa = PBXFileReference; fileEncoding = 4; lastKnownFileType = sourcecode.c.h; path = JBConstants.h; sourceTree = "<group>"; };
		B20294C1123CA12A00D64200 /* JBConstants.m */ = {isa = PBXFileReference; fileEncoding = 4; lastKnownFileType = sourcecode.c.objc; path = JBConstants.m; sourceTree = "<group>"; };
		B2078E6F1367BE95003FC4B3 /* CDataScanner.h */ = {isa = PBXFileReference; fileEncoding = 4; lastKnownFileType = sourcecode.c.h; path = CDataScanner.h; sourceTree = "<group>"; };
		B2078E701367BE95003FC4B3 /* CDataScanner.m */ = {isa = PBXFileReference; fileEncoding = 4; lastKnownFileType = sourcecode.c.objc; path = CDataScanner.m; sourceTree = "<group>"; };
		B2078E721367BE95003FC4B3 /* CFilteringJSONSerializer.h */ = {isa = PBXFileReference; fileEncoding = 4; lastKnownFileType = sourcecode.c.h; path = CFilteringJSONSerializer.h; sourceTree = "<group>"; };
		B2078E731367BE95003FC4B3 /* CFilteringJSONSerializer.m */ = {isa = PBXFileReference; fileEncoding = 4; lastKnownFileType = sourcecode.c.objc; path = CFilteringJSONSerializer.m; sourceTree = "<group>"; };
		B2078E741367BE95003FC4B3 /* CJSONDeserializer_BlocksExtensions.h */ = {isa = PBXFileReference; fileEncoding = 4; lastKnownFileType = sourcecode.c.h; path = CJSONDeserializer_BlocksExtensions.h; sourceTree = "<group>"; };
		B2078E751367BE95003FC4B3 /* CJSONDeserializer_BlocksExtensions.m */ = {isa = PBXFileReference; fileEncoding = 4; lastKnownFileType = sourcecode.c.objc; path = CJSONDeserializer_BlocksExtensions.m; sourceTree = "<group>"; };
		B2078E761367BE95003FC4B3 /* CJSONSerialization.h */ = {isa = PBXFileReference; fileEncoding = 4; lastKnownFileType = sourcecode.c.h; path = CJSONSerialization.h; sourceTree = "<group>"; };
		B2078E771367BE95003FC4B3 /* CJSONSerialization.m */ = {isa = PBXFileReference; fileEncoding = 4; lastKnownFileType = sourcecode.c.objc; path = CJSONSerialization.m; sourceTree = "<group>"; };
		B2078E781367BE95003FC4B3 /* CJSONSerializedData.h */ = {isa = PBXFileReference; fileEncoding = 4; lastKnownFileType = sourcecode.c.h; path = CJSONSerializedData.h; sourceTree = "<group>"; };
		B2078E791367BE95003FC4B3 /* CJSONSerializedData.m */ = {isa = PBXFileReference; fileEncoding = 4; lastKnownFileType = sourcecode.c.objc; path = CJSONSerializedData.m; sourceTree = "<group>"; };
		B2078E7B1367BE95003FC4B3 /* CDataScanner_Extensions.h */ = {isa = PBXFileReference; fileEncoding = 4; lastKnownFileType = sourcecode.c.h; path = CDataScanner_Extensions.h; sourceTree = "<group>"; };
		B2078E7C1367BE95003FC4B3 /* CDataScanner_Extensions.m */ = {isa = PBXFileReference; fileEncoding = 4; lastKnownFileType = sourcecode.c.objc; path = CDataScanner_Extensions.m; sourceTree = "<group>"; };
		B2078E7D1367BE95003FC4B3 /* NSDictionary_JSONExtensions.h */ = {isa = PBXFileReference; fileEncoding = 4; lastKnownFileType = sourcecode.c.h; path = NSDictionary_JSONExtensions.h; sourceTree = "<group>"; };
		B2078E7E1367BE95003FC4B3 /* NSDictionary_JSONExtensions.m */ = {isa = PBXFileReference; fileEncoding = 4; lastKnownFileType = sourcecode.c.objc; path = NSDictionary_JSONExtensions.m; sourceTree = "<group>"; };
		B2078E801367BE95003FC4B3 /* CJSONDeserializer.h */ = {isa = PBXFileReference; fileEncoding = 4; lastKnownFileType = sourcecode.c.h; path = CJSONDeserializer.h; sourceTree = "<group>"; };
		B2078E811367BE95003FC4B3 /* CJSONDeserializer.m */ = {isa = PBXFileReference; fileEncoding = 4; lastKnownFileType = sourcecode.c.objc; path = CJSONDeserializer.m; sourceTree = "<group>"; };
		B2078E821367BE95003FC4B3 /* CJSONScanner.h */ = {isa = PBXFileReference; fileEncoding = 4; lastKnownFileType = sourcecode.c.h; path = CJSONScanner.h; sourceTree = "<group>"; };
		B2078E831367BE95003FC4B3 /* CJSONScanner.m */ = {isa = PBXFileReference; fileEncoding = 4; lastKnownFileType = sourcecode.c.objc; path = CJSONScanner.m; sourceTree = "<group>"; };
		B2078E841367BE95003FC4B3 /* CJSONSerializer.h */ = {isa = PBXFileReference; fileEncoding = 4; lastKnownFileType = sourcecode.c.h; path = CJSONSerializer.h; sourceTree = "<group>"; };
		B2078E851367BE95003FC4B3 /* CJSONSerializer.m */ = {isa = PBXFileReference; fileEncoding = 4; lastKnownFileType = sourcecode.c.objc; path = CJSONSerializer.m; sourceTree = "<group>"; };
		B2078E861367BE95003FC4B3 /* JSONRepresentation.h */ = {isa = PBXFileReference; fileEncoding = 4; lastKnownFileType = sourcecode.c.h; path = JSONRepresentation.h; sourceTree = "<group>"; };
		B2078E931367BEDC003FC4B3 /* YAJLiOS.xcodeproj */ = {isa = PBXFileReference; lastKnownFileType = "wrapper.pb-project"; name = YAJLiOS.xcodeproj; path = "yajl-objc/Project-iOS/YAJLiOS.xcodeproj"; sourceTree = "<group>"; };
		B213445010A0BA690001FE31 /* JSONBenchmarks_Prefix.pch */ = {isa = PBXFileReference; fileEncoding = 4; lastKnownFileType = sourcecode.c.h; path = JSONBenchmarks_Prefix.pch; sourceTree = "<group>"; };
		B213445110A0BA690001FE31 /* main.m */ = {isa = PBXFileReference; fileEncoding = 4; lastKnownFileType = sourcecode.c.objc; path = main.m; sourceTree = "<group>"; };
		B213445310A0BA690001FE31 /* JSONBenchmarks-Info.plist */ = {isa = PBXFileReference; fileEncoding = 4; lastKnownFileType = text.plist.xml; path = "JSONBenchmarks-Info.plist"; sourceTree = "<group>"; };
		B2457E8310A164A400BD3540 /* twitter_public_timeline.json */ = {isa = PBXFileReference; fileEncoding = 4; lastKnownFileType = text; path = twitter_public_timeline.json; sourceTree = "<group>"; };
		B2457ECE10A1671E00BD3540 /* JBAppDelegate.h */ = {isa = PBXFileReference; fileEncoding = 4; lastKnownFileType = sourcecode.c.h; path = JBAppDelegate.h; sourceTree = "<group>"; };
		B2457ECF10A1671E00BD3540 /* JBAppDelegate.m */ = {isa = PBXFileReference; fileEncoding = 4; lastKnownFileType = sourcecode.c.objc; path = JBAppDelegate.m; sourceTree = "<group>"; };
		B27498D8123C91F700A2A9E0 /* JSONKit.h */ = {isa = PBXFileReference; fileEncoding = 4; lastKnownFileType = sourcecode.c.h; path = JSONKit.h; sourceTree = "<group>"; };
		B27498D9123C91F700A2A9E0 /* JSONKit.m */ = {isa = PBXFileReference; fileEncoding = 4; lastKnownFileType = sourcecode.c.objc; path = JSONKit.m; sourceTree = "<group>"; };
		B2CD579A13BE79B400166C10 /* Default.png */ = {isa = PBXFileReference; lastKnownFileType = image.png; path = Default.png; sourceTree = "<group>"; };
		B2CD579B13BE79B400166C10 /* Default@2x.png */ = {isa = PBXFileReference; lastKnownFileType = image.png; path = "Default@2x.png"; sourceTree = "<group>"; };
		B2CD57A013BE7A7600166C10 /* Default-Portrait~ipad.png */ = {isa = PBXFileReference; lastKnownFileType = image.png; path = "Default-Portrait~ipad.png"; sourceTree = "<group>"; };
		B2CD57A813BE852F00166C10 /* Default-Landscape~ipad.png */ = {isa = PBXFileReference; lastKnownFileType = image.png; path = "Default-Landscape~ipad.png"; sourceTree = "<group>"; };
		BC2BBBCD13A38AE500D69AB5 /* SBJson.xcodeproj */ = {isa = PBXFileReference; lastKnownFileType = "wrapper.pb-project"; name = SBJson.xcodeproj; path = "json-framework/SBJson.xcodeproj"; sourceTree = "<group>"; };
		BC2BBBE113A38B2E00D69AB5 /* libsbjson-ios.a */ = {isa = PBXFileReference; explicitFileType = archive.ar; path = "libsbjson-ios.a"; sourceTree = SOURCE_ROOT; };
		BC8363B1123D8C2600E6F313 /* SBFullStatistics.m */ = {isa = PBXFileReference; fileEncoding = 4; lastKnownFileType = sourcecode.c.objc; name = SBFullStatistics.m; path = Statistics/Classes/SBFullStatistics.m; sourceTree = "<group>"; };
		BC8363B4123D8C2600E6F313 /* SBStatistics.h */ = {isa = PBXFileReference; fileEncoding = 4; lastKnownFileType = sourcecode.c.h; name = SBStatistics.h; path = Statistics/Classes/SBStatistics.h; sourceTree = "<group>"; };
		BC8363B5123D8C2600E6F313 /* SBStatistics.m */ = {isa = PBXFileReference; fileEncoding = 4; lastKnownFileType = sourcecode.c.objc; name = SBStatistics.m; path = Statistics/Classes/SBStatistics.m; sourceTree = "<group>"; };
/* End PBXFileReference section */

/* Begin PBXFrameworksBuildPhase section */
		1D60588F0D05DD3D006BFB54 /* Frameworks */ = {
			isa = PBXFrameworksBuildPhase;
			buildActionMask = 2147483647;
			files = (
				BC2BBBE213A38B2E00D69AB5 /* libsbjson-ios.a in Frameworks */,
				1D60589F0D05DD5A006BFB54 /* Foundation.framework in Frameworks */,
				1DF5F4E00D08C38300B7A737 /* UIKit.framework in Frameworks */,
				288765FD0DF74451002DB57D /* CoreGraphics.framework in Frameworks */,
				B2078EA41367BEDF003FC4B3 /* libYAJLiOSDevice.a in Frameworks */,
			);
			runOnlyForDeploymentPostprocessing = 0;
		};
/* End PBXFrameworksBuildPhase section */

/* Begin PBXGroup section */
		080E96DDFE201D6D7F000001 /* Classes */ = {
			isa = PBXGroup;
			children = (
				B2457ECE10A1671E00BD3540 /* JBAppDelegate.h */,
				B2457ECF10A1671E00BD3540 /* JBAppDelegate.m */,
				B20294AD123C9D4500D64200 /* JBResultsViewController.h */,
				B20294AE123C9D4500D64200 /* JBResultsViewController.m */,
				B2457E8510A164A800BD3540 /* Vendor */,
			);
			path = Classes;
			sourceTree = "<group>";
		};
		19C28FACFE9D520D11CA2CBB /* Products */ = {
			isa = PBXGroup;
			children = (
				1D6058910D05DD3D006BFB54 /* JSONBenchmarks.app */,
			);
			name = Products;
			sourceTree = "<group>";
		};
		29B97314FDCFA39411CA2CEA /* CustomTemplate */ = {
			isa = PBXGroup;
			children = (
				080E96DDFE201D6D7F000001 /* Classes */,
				B213444F10A0BA690001FE31 /* Other Sources */,
				B213445210A0BA690001FE31 /* Resources */,
				29B97323FDCFA39411CA2CEA /* Frameworks */,
				19C28FACFE9D520D11CA2CBB /* Products */,
			);
			name = CustomTemplate;
			sourceTree = "<group>";
		};
		29B97323FDCFA39411CA2CEA /* Frameworks */ = {
			isa = PBXGroup;
			children = (
				BC2BBBE113A38B2E00D69AB5 /* libsbjson-ios.a */,
				1DF5F4DF0D08C38300B7A737 /* UIKit.framework */,
				1D30AB110D05D00D00671497 /* Foundation.framework */,
				288765FC0DF74451002DB57D /* CoreGraphics.framework */,
			);
			name = Frameworks;
			sourceTree = "<group>";
		};
		45C5308A13DB4BB60034BFC4 /* NextiveJson */ = {
			isa = PBXGroup;
			children = (
				45C5317513DB4BB70034BFC4 /* Json */,
			);
			path = NextiveJson;
			sourceTree = "<group>";
		};
		45C5317513DB4BB70034BFC4 /* Json */ = {
			isa = PBXGroup;
			children = (
				45C5317613DB4BB70034BFC4 /* NSError+Extensions.h */,
				45C5317713DB4BB70034BFC4 /* NSError+Extensions.m */,
				45C5317813DB4BB70034BFC4 /* NXDebug.h */,
				45C5317913DB4BB70034BFC4 /* NXDebug.m */,
				45C5317A13DB4BB70034BFC4 /* NXJsonParser.h */,
				45C5317B13DB4BB70034BFC4 /* NXJsonParser.m */,
				45C5317C13DB4BB70034BFC4 /* NXJsonSerializer.h */,
				45C5317D13DB4BB70034BFC4 /* NXJsonSerializer.m */,
				45C5317E13DB4BB70034BFC4 /* NXSerializable.h */,
			);
			path = Json;
			sourceTree = "<group>";
		};
		B2078E711367BE95003FC4B3 /* Experimental */ = {
			isa = PBXGroup;
			children = (
				B2078E721367BE95003FC4B3 /* CFilteringJSONSerializer.h */,
				B2078E731367BE95003FC4B3 /* CFilteringJSONSerializer.m */,
				B2078E741367BE95003FC4B3 /* CJSONDeserializer_BlocksExtensions.h */,
				B2078E751367BE95003FC4B3 /* CJSONDeserializer_BlocksExtensions.m */,
				B2078E761367BE95003FC4B3 /* CJSONSerialization.h */,
				B2078E771367BE95003FC4B3 /* CJSONSerialization.m */,
				B2078E781367BE95003FC4B3 /* CJSONSerializedData.h */,
				B2078E791367BE95003FC4B3 /* CJSONSerializedData.m */,
			);
			path = Experimental;
			sourceTree = "<group>";
		};
		B2078E7A1367BE95003FC4B3 /* Extensions */ = {
			isa = PBXGroup;
			children = (
				B2078E7B1367BE95003FC4B3 /* CDataScanner_Extensions.h */,
				B2078E7C1367BE95003FC4B3 /* CDataScanner_Extensions.m */,
				B2078E7D1367BE95003FC4B3 /* NSDictionary_JSONExtensions.h */,
				B2078E7E1367BE95003FC4B3 /* NSDictionary_JSONExtensions.m */,
			);
			path = Extensions;
			sourceTree = "<group>";
		};
		B2078E7F1367BE95003FC4B3 /* JSON */ = {
			isa = PBXGroup;
			children = (
				B2078E801367BE95003FC4B3 /* CJSONDeserializer.h */,
				B2078E811367BE95003FC4B3 /* CJSONDeserializer.m */,
				B2078E821367BE95003FC4B3 /* CJSONScanner.h */,
				B2078E831367BE95003FC4B3 /* CJSONScanner.m */,
				B2078E841367BE95003FC4B3 /* CJSONSerializer.h */,
				B2078E851367BE95003FC4B3 /* CJSONSerializer.m */,
				B2078E861367BE95003FC4B3 /* JSONRepresentation.h */,
			);
			path = JSON;
			sourceTree = "<group>";
		};
		B2078E941367BEDC003FC4B3 /* Products */ = {
			isa = PBXGroup;
			children = (
				B2078E9F1367BEDC003FC4B3 /* libYAJLiOSDevice.a */,
				B2078EA11367BEDC003FC4B3 /* libYAJLiOSSimulator.a */,
				B2078EA31367BEDC003FC4B3 /* Tests.app */,
			);
			name = Products;
			sourceTree = "<group>";
		};
		B213444F10A0BA690001FE31 /* Other Sources */ = {
			isa = PBXGroup;
			children = (
				B213445010A0BA690001FE31 /* JSONBenchmarks_Prefix.pch */,
				B213445110A0BA690001FE31 /* main.m */,
				B20294C0123CA12A00D64200 /* JBConstants.h */,
				B20294C1123CA12A00D64200 /* JBConstants.m */,
			);
			path = "Other Sources";
			sourceTree = "<group>";
		};
		B213445210A0BA690001FE31 /* Resources */ = {
			isa = PBXGroup;
			children = (
				B2CD57A813BE852F00166C10 /* Default-Landscape~ipad.png */,
				B2CD57A013BE7A7600166C10 /* Default-Portrait~ipad.png */,
				B2CD579A13BE79B400166C10 /* Default.png */,
				B2CD579B13BE79B400166C10 /* Default@2x.png */,
				B2457E8310A164A400BD3540 /* twitter_public_timeline.json */,
				B213445310A0BA690001FE31 /* JSONBenchmarks-Info.plist */,
			);
			path = Resources;
			sourceTree = "<group>";
		};
		B2457E8510A164A800BD3540 /* Vendor */ = {
			isa = PBXGroup;
			children = (
				45C5308A13DB4BB60034BFC4 /* NextiveJson */,
				BC2BBBCD13A38AE500D69AB5 /* SBJson.xcodeproj */,
				BC8363BA123D8C2E00E6F313 /* Statistics */,
				B2749885123C91F700A2A9E0 /* JSONKit */,
				B274976F123C91E000A2A9E0 /* TouchJSON */,
				B2078E931367BEDC003FC4B3 /* YAJLiOS.xcodeproj */,
			);
			path = Vendor;
			sourceTree = "<group>";
		};
		B25465FE132028E300B39371 /* Source */ = {
			isa = PBXGroup;
			children = (
				B2078E6F1367BE95003FC4B3 /* CDataScanner.h */,
				B2078E701367BE95003FC4B3 /* CDataScanner.m */,
				B2078E711367BE95003FC4B3 /* Experimental */,
				B2078E7A1367BE95003FC4B3 /* Extensions */,
				B2078E7F1367BE95003FC4B3 /* JSON */,
			);
			path = Source;
			sourceTree = "<group>";
		};
		B274976F123C91E000A2A9E0 /* TouchJSON */ = {
			isa = PBXGroup;
			children = (
				B25465FE132028E300B39371 /* Source */,
			);
			path = TouchJSON;
			sourceTree = "<group>";
		};
		B2749885123C91F700A2A9E0 /* JSONKit */ = {
			isa = PBXGroup;
			children = (
				B27498D8123C91F700A2A9E0 /* JSONKit.h */,
				B27498D9123C91F700A2A9E0 /* JSONKit.m */,
			);
			path = JSONKit;
			sourceTree = "<group>";
		};
		BC2BBBCE13A38AE500D69AB5 /* Products */ = {
			isa = PBXGroup;
			children = (
				BC2BBBD813A38AE600D69AB5 /* SBJson.framework */,
				BC2BBBDA13A38AE600D69AB5 /* SBJsonTests.octest */,
				BC2BBBDC13A38AE600D69AB5 /* libsbjson-ios.a */,
				BC2BBBDE13A38AE600D69AB5 /* sbjson-iosTests.octest */,
			);
			name = Products;
			sourceTree = "<group>";
		};
		BC8363BA123D8C2E00E6F313 /* Statistics */ = {
			isa = PBXGroup;
			children = (
				BC8363B1123D8C2600E6F313 /* SBFullStatistics.m */,
				BC8363B4123D8C2600E6F313 /* SBStatistics.h */,
				BC8363B5123D8C2600E6F313 /* SBStatistics.m */,
			);
			name = Statistics;
			sourceTree = "<group>";
		};
/* End PBXGroup section */

/* Begin PBXNativeTarget section */
		1D6058900D05DD3D006BFB54 /* JSONBenchmarks */ = {
			isa = PBXNativeTarget;
			buildConfigurationList = 1D6058960D05DD3E006BFB54 /* Build configuration list for PBXNativeTarget "JSONBenchmarks" */;
			buildPhases = (
				1D60588D0D05DD3D006BFB54 /* Resources */,
				1D60588E0D05DD3D006BFB54 /* Sources */,
				1D60588F0D05DD3D006BFB54 /* Frameworks */,
			);
			buildRules = (
			);
			dependencies = (
				BC2BBBE013A38B2400D69AB5 /* PBXTargetDependency */,
				B24E392D138AD00F00E1D550 /* PBXTargetDependency */,
			);
			name = JSONBenchmarks;
			productName = JSONBenchmarks;
			productReference = 1D6058910D05DD3D006BFB54 /* JSONBenchmarks.app */;
			productType = "com.apple.product-type.application";
		};
/* End PBXNativeTarget section */

/* Begin PBXProject section */
		29B97313FDCFA39411CA2CEA /* Project object */ = {
			isa = PBXProject;
			attributes = {
				LastUpgradeCheck = 0420;
				ORGANIZATIONNAME = "Sam Soffes";
			};
			buildConfigurationList = C01FCF4E08A954540054247B /* Build configuration list for PBXProject "JSONBenchmarks" */;
			compatibilityVersion = "Xcode 3.2";
			developmentRegion = English;
			hasScannedForEncodings = 1;
			knownRegions = (
				en,
			);
			mainGroup = 29B97314FDCFA39411CA2CEA /* CustomTemplate */;
			projectDirPath = "";
			projectReferences = (
				{
					ProductGroup = BC2BBBCE13A38AE500D69AB5 /* Products */;
					ProjectRef = BC2BBBCD13A38AE500D69AB5 /* SBJson.xcodeproj */;
				},
				{
					ProductGroup = B2078E941367BEDC003FC4B3 /* Products */;
					ProjectRef = B2078E931367BEDC003FC4B3 /* YAJLiOS.xcodeproj */;
				},
			);
			projectRoot = "";
			targets = (
				1D6058900D05DD3D006BFB54 /* JSONBenchmarks */,
			);
		};
/* End PBXProject section */

/* Begin PBXReferenceProxy section */
		B2078E9F1367BEDC003FC4B3 /* libYAJLiOSDevice.a */ = {
			isa = PBXReferenceProxy;
			fileType = archive.ar;
			path = libYAJLiOSDevice.a;
			remoteRef = B2078E9E1367BEDC003FC4B3 /* PBXContainerItemProxy */;
			sourceTree = BUILT_PRODUCTS_DIR;
		};
		B2078EA11367BEDC003FC4B3 /* libYAJLiOSSimulator.a */ = {
			isa = PBXReferenceProxy;
			fileType = archive.ar;
			path = libYAJLiOSSimulator.a;
			remoteRef = B2078EA01367BEDC003FC4B3 /* PBXContainerItemProxy */;
			sourceTree = BUILT_PRODUCTS_DIR;
		};
		B2078EA31367BEDC003FC4B3 /* Tests.app */ = {
			isa = PBXReferenceProxy;
			fileType = wrapper.application;
			path = Tests.app;
			remoteRef = B2078EA21367BEDC003FC4B3 /* PBXContainerItemProxy */;
			sourceTree = BUILT_PRODUCTS_DIR;
		};
		BC2BBBD813A38AE600D69AB5 /* SBJson.framework */ = {
			isa = PBXReferenceProxy;
			fileType = wrapper.framework;
			path = SBJson.framework;
			remoteRef = BC2BBBD713A38AE600D69AB5 /* PBXContainerItemProxy */;
			sourceTree = BUILT_PRODUCTS_DIR;
		};
		BC2BBBDA13A38AE600D69AB5 /* SBJsonTests.octest */ = {
			isa = PBXReferenceProxy;
			fileType = wrapper.cfbundle;
			path = SBJsonTests.octest;
			remoteRef = BC2BBBD913A38AE600D69AB5 /* PBXContainerItemProxy */;
			sourceTree = BUILT_PRODUCTS_DIR;
		};
		BC2BBBDC13A38AE600D69AB5 /* libsbjson-ios.a */ = {
			isa = PBXReferenceProxy;
			fileType = archive.ar;
			path = "libsbjson-ios.a";
			remoteRef = BC2BBBDB13A38AE600D69AB5 /* PBXContainerItemProxy */;
			sourceTree = BUILT_PRODUCTS_DIR;
		};
		BC2BBBDE13A38AE600D69AB5 /* sbjson-iosTests.octest */ = {
			isa = PBXReferenceProxy;
			fileType = wrapper.cfbundle;
			path = "sbjson-iosTests.octest";
			remoteRef = BC2BBBDD13A38AE600D69AB5 /* PBXContainerItemProxy */;
			sourceTree = BUILT_PRODUCTS_DIR;
		};
/* End PBXReferenceProxy section */

/* Begin PBXResourcesBuildPhase section */
		1D60588D0D05DD3D006BFB54 /* Resources */ = {
			isa = PBXResourcesBuildPhase;
			buildActionMask = 2147483647;
			files = (
				B2457E8410A164A400BD3540 /* twitter_public_timeline.json in Resources */,
				B2CD579C13BE79B400166C10 /* Default.png in Resources */,
				B2CD579D13BE79B400166C10 /* Default@2x.png in Resources */,
				B2CD57A113BE7A7600166C10 /* Default-Portrait~ipad.png in Resources */,
				B2CD57A913BE852F00166C10 /* Default-Landscape~ipad.png in Resources */,
			);
			runOnlyForDeploymentPostprocessing = 0;
		};
/* End PBXResourcesBuildPhase section */

/* Begin PBXSourcesBuildPhase section */
		1D60588E0D05DD3D006BFB54 /* Sources */ = {
			isa = PBXSourcesBuildPhase;
			buildActionMask = 2147483647;
			files = (
				B213445410A0BA690001FE31 /* main.m in Sources */,
				B2457ED010A1671E00BD3540 /* JBAppDelegate.m in Sources */,
				B2749907123C91F700A2A9E0 /* JSONKit.m in Sources */,
				B20294AF123C9D4500D64200 /* JBResultsViewController.m in Sources */,
				B20294C2123CA12A00D64200 /* JBConstants.m in Sources */,
				BC8363B7123D8C2600E6F313 /* SBFullStatistics.m in Sources */,
				BC8363B9123D8C2600E6F313 /* SBStatistics.m in Sources */,
				B2078E871367BE95003FC4B3 /* CDataScanner.m in Sources */,
				B2078E881367BE95003FC4B3 /* CFilteringJSONSerializer.m in Sources */,
				B2078E891367BE95003FC4B3 /* CJSONDeserializer_BlocksExtensions.m in Sources */,
				B2078E8A1367BE95003FC4B3 /* CJSONSerialization.m in Sources */,
				B2078E8B1367BE95003FC4B3 /* CJSONSerializedData.m in Sources */,
				B2078E8C1367BE95003FC4B3 /* CDataScanner_Extensions.m in Sources */,
				B2078E8D1367BE95003FC4B3 /* NSDictionary_JSONExtensions.m in Sources */,
				B2078E8E1367BE95003FC4B3 /* CJSONDeserializer.m in Sources */,
				B2078E8F1367BE95003FC4B3 /* CJSONScanner.m in Sources */,
				B2078E901367BE95003FC4B3 /* CJSONSerializer.m in Sources */,
				45C5321A13DB4BB70034BFC4 /* NSError+Extensions.m in Sources */,
				45C5321B13DB4BB70034BFC4 /* NXDebug.m in Sources */,
				45C5321C13DB4BB70034BFC4 /* NXJsonParser.m in Sources */,
				45C5321D13DB4BB70034BFC4 /* NXJsonSerializer.m in Sources */,
			);
			runOnlyForDeploymentPostprocessing = 0;
		};
/* End PBXSourcesBuildPhase section */

/* Begin PBXTargetDependency section */
		B24E392D138AD00F00E1D550 /* PBXTargetDependency */ = {
			isa = PBXTargetDependency;
			name = "YAJLiOS (Device)";
			targetProxy = B24E392C138AD00F00E1D550 /* PBXContainerItemProxy */;
		};
		BC2BBBE013A38B2400D69AB5 /* PBXTargetDependency */ = {
			isa = PBXTargetDependency;
			name = "sbjson-ios";
			targetProxy = BC2BBBDF13A38B2400D69AB5 /* PBXContainerItemProxy */;
		};
/* End PBXTargetDependency section */

/* Begin XCBuildConfiguration section */
		1D6058940D05DD3E006BFB54 /* Debug */ = {
			isa = XCBuildConfiguration;
			buildSettings = {
				ALWAYS_SEARCH_USER_PATHS = NO;
				COPY_PHASE_STRIP = NO;
				FRAMEWORK_SEARCH_PATHS = (
					"$(inherited)",
					"\"$(SDKROOT)$(SYSTEM_LIBRARY_DIR)/PrivateFrameworks\"",
				);
				GCC_DYNAMIC_NO_PIC = NO;
				GCC_OPTIMIZATION_LEVEL = 0;
				GCC_PRECOMPILE_PREFIX_HEADER = YES;
				GCC_PREFIX_HEADER = "Other Sources/JSONBenchmarks_Prefix.pch";
				GCC_VERSION = com.apple.compilers.llvm.clang.1_0;
				HEADER_SEARCH_PATHS = "Classes/Vendor/yajl-objc/**";
				INFOPLIST_FILE = "Resources/JSONBenchmarks-Info.plist";
				IPHONEOS_DEPLOYMENT_TARGET = 4.0;
				LIBRARY_SEARCH_PATHS = (
					"$(inherited)",
					"\"$(SRCROOT)\"",
				);
				OTHER_LDFLAGS = (
					"-ObjC",
					"-all_load",
				);
				PRODUCT_NAME = JSONBenchmarks;
				SDKROOT = iphoneos;
				TARGETED_DEVICE_FAMILY = "1,2";
			};
			name = Debug;
		};
		1D6058950D05DD3E006BFB54 /* Release */ = {
			isa = XCBuildConfiguration;
			buildSettings = {
				ALWAYS_SEARCH_USER_PATHS = NO;
				COPY_PHASE_STRIP = YES;
				FRAMEWORK_SEARCH_PATHS = (
					"$(inherited)",
					"\"$(SDKROOT)$(SYSTEM_LIBRARY_DIR)/PrivateFrameworks\"",
				);
				GCC_PRECOMPILE_PREFIX_HEADER = YES;
				GCC_PREFIX_HEADER = "Other Sources/JSONBenchmarks_Prefix.pch";
				GCC_VERSION = com.apple.compilers.llvm.clang.1_0;
				HEADER_SEARCH_PATHS = "Classes/Vendor/yajl-objc/**";
				INFOPLIST_FILE = "Resources/JSONBenchmarks-Info.plist";
				IPHONEOS_DEPLOYMENT_TARGET = 4.0;
				LIBRARY_SEARCH_PATHS = (
					"$(inherited)",
					"\"$(SRCROOT)\"",
				);
				OTHER_LDFLAGS = (
					"-ObjC",
					"-all_load",
				);
				PRODUCT_NAME = JSONBenchmarks;
				SDKROOT = iphoneos;
				TARGETED_DEVICE_FAMILY = "1,2";
			};
			name = Release;
		};
		C01FCF4F08A954540054247B /* Debug */ = {
			isa = XCBuildConfiguration;
			buildSettings = {
				ARCHS = "$(ARCHS_STANDARD_32_BIT)";
				"CODE_SIGN_IDENTITY[sdk=iphoneos*]" = "iPhone Developer";
				GCC_C_LANGUAGE_STANDARD = c99;
				GCC_WARN_ABOUT_RETURN_TYPE = YES;
				GCC_WARN_UNUSED_VARIABLE = YES;
				SDKROOT = iphoneos;
			};
			name = Debug;
		};
		C01FCF5008A954540054247B /* Release */ = {
			isa = XCBuildConfiguration;
			buildSettings = {
				ARCHS = "$(ARCHS_STANDARD_32_BIT)";
				"CODE_SIGN_IDENTITY[sdk=iphoneos*]" = "iPhone Developer";
				GCC_C_LANGUAGE_STANDARD = c99;
				GCC_WARN_ABOUT_RETURN_TYPE = YES;
				GCC_WARN_UNUSED_VARIABLE = YES;
				SDKROOT = iphoneos;
			};
			name = Release;
		};
/* End XCBuildConfiguration section */

/* Begin XCConfigurationList section */
		1D6058960D05DD3E006BFB54 /* Build configuration list for PBXNativeTarget "JSONBenchmarks" */ = {
			isa = XCConfigurationList;
			buildConfigurations = (
				1D6058940D05DD3E006BFB54 /* Debug */,
				1D6058950D05DD3E006BFB54 /* Release */,
			);
			defaultConfigurationIsVisible = 0;
			defaultConfigurationName = Release;
		};
		C01FCF4E08A954540054247B /* Build configuration list for PBXProject "JSONBenchmarks" */ = {
			isa = XCConfigurationList;
			buildConfigurations = (
				C01FCF4F08A954540054247B /* Debug */,
				C01FCF5008A954540054247B /* Release */,
			);
			defaultConfigurationIsVisible = 0;
			defaultConfigurationName = Release;
		};
/* End XCConfigurationList section */
	};
	rootObject = 29B97313FDCFA39411CA2CEA /* Project object */;
}
